
Microsoft Visual Studio Solution File, Format Version 12.00
# Visual Studio 15
VisualStudioVersion = 15.0.27428.2005
MinimumVisualStudioVersion = 10.0.40219.1
Project("{8BC9CEB8-8B4A-11D0-8D11-00A0C91BC942}") = "AMEmu", "AMEmu\AMEmu.vcxproj", "{D3C8ACD5-80B9-4875-9459-314FE1BBF188}"
EndProject
Global
	GlobalSection(SolutionConfigurationPlatforms) = preSolution
		Debug|x64 = Debug|x64
		Debug|x86 = Debug|x86
		Release|x64 = Release|x64
		Release|x86 = Release|x86
	EndGlobalSection
	GlobalSection(ProjectConfigurationPlatforms) = postSolution
		{D3C8ACD5-80B9-4875-9459-314FE1BBF188}.Debug|x64.ActiveCfg = Debug|x64
		{D3C8ACD5-80B9-4875-9459-314FE1BBF188}.Debug|x64.Build.0 = Debug|x64
		{D3C8ACD5-80B9-4875-9459-314FE1BBF188}.Debug|x86.ActiveCfg = Debug|Win32
		{D3C8ACD5-80B9-4875-9459-314FE1BBF188}.Debug|x86.Build.0 = Debug|Win32
		{D3C8ACD5-80B9-4875-9459-314FE1BBF188}.Release|x64.ActiveCfg = Release|x64
		{D3C8ACD5-80B9-4875-9459-314FE1BBF188}.Release|x64.Build.0 = Release|x64
		{D3C8ACD5-80B9-4875-9459-314FE1BBF188}.Release|x86.ActiveCfg = Release|Win32
		{D3C8ACD5-80B9-4875-9459-314FE1BBF188}.Release|x86.Build.0 = Release|Win32
	EndGlobalSection
	GlobalSection(SolutionProperties) = preSolution
		HideSolutionNode = FALSE
	EndGlobalSection
	GlobalSection(ExtensibilityGlobals) = postSolution
		SolutionGuid = {FEA03B71-20A9-421F-AB5D-D48A971DB518}
	EndGlobalSection
EndGlobal
